// !$*UTF8*$!
{
	archiveVersion = 1;
	classes = {
	};
	objectVersion = 51;
	objects = {

/* Begin PBXBuildFile section */
		06149108116CD0D9296FA104 /* Pods_CryptoManager.framework in Frameworks */ = {isa = PBXBuildFile; fileRef = B3A7D4541333211354F267D2 /* Pods_CryptoManager.framework */; };
		A04391F3230AB3A9009FF454 /* CurrencyAndConversions.swift in Sources */ = {isa = PBXBuildFile; fileRef = A04391F2230AB3A9009FF454 /* CurrencyAndConversions.swift */; };
		A04391F5230ABC1B009FF454 /* SQLExchange.swift in Sources */ = {isa = PBXBuildFile; fileRef = A04391F4230ABC1B009FF454 /* SQLExchange.swift */; };
		A04391F9230ADE5B009FF454 /* SelectFiatViewController.swift in Sources */ = {isa = PBXBuildFile; fileRef = A04391F8230ADE5B009FF454 /* SelectFiatViewController.swift */; };
		A0439201230AF200009FF454 /* RootViewController.swift in Sources */ = {isa = PBXBuildFile; fileRef = A0439200230AF200009FF454 /* RootViewController.swift */; };
		A0439209230B17B4009FF454 /* Bar.swift in Sources */ = {isa = PBXBuildFile; fileRef = A0439208230B17B4009FF454 /* Bar.swift */; };
		A04A7FEF22F8291C008FC4DE /* SettingsService.swift in Sources */ = {isa = PBXBuildFile; fileRef = A04A7FEE22F8291C008FC4DE /* SettingsService.swift */; };
		A04A7FF122F82CC0008FC4DE /* SettingsViewDelegate.swift in Sources */ = {isa = PBXBuildFile; fileRef = A04A7FF022F82CC0008FC4DE /* SettingsViewDelegate.swift */; };
		A04A7FF322F82F76008FC4DE /* SettingsPresenter.swift in Sources */ = {isa = PBXBuildFile; fileRef = A04A7FF222F82F76008FC4DE /* SettingsPresenter.swift */; };
		A04A7FFA22F8BDA5008FC4DE /* TabBarController.swift in Sources */ = {isa = PBXBuildFile; fileRef = A04A7FF922F8BDA5008FC4DE /* TabBarController.swift */; };
		A04A7FFD22F97C51008FC4DE /* SplashViewController.swift in Sources */ = {isa = PBXBuildFile; fileRef = A04A7FFC22F97C51008FC4DE /* SplashViewController.swift */; };
		A04A7FFF22F99586008FC4DE /* SettingsCell.swift in Sources */ = {isa = PBXBuildFile; fileRef = A04A7FFE22F99586008FC4DE /* SettingsCell.swift */; };
		A04A800122FAF2EF008FC4DE /* SettingsSection.swift in Sources */ = {isa = PBXBuildFile; fileRef = A04A800022FAF2EF008FC4DE /* SettingsSection.swift */; };
		A0513C35230C00C50094D7E7 /* SelectFiatPresenter.swift in Sources */ = {isa = PBXBuildFile; fileRef = A0513C34230C00C50094D7E7 /* SelectFiatPresenter.swift */; };
		A0513C39230C02510094D7E7 /* SelectFiatService.swift in Sources */ = {isa = PBXBuildFile; fileRef = A0513C38230C02510094D7E7 /* SelectFiatService.swift */; };
		A0513C3C230C055C0094D7E7 /* Fiat.swift in Sources */ = {isa = PBXBuildFile; fileRef = A0513C3B230C055C0094D7E7 /* Fiat.swift */; };
		A0513C40230C08130094D7E7 /* SelectFiatViewDelegate.swift in Sources */ = {isa = PBXBuildFile; fileRef = A0513C3F230C08130094D7E7 /* SelectFiatViewDelegate.swift */; };
		A0513C42230C0FA90094D7E7 /* Utils.swift in Sources */ = {isa = PBXBuildFile; fileRef = A0513C41230C0FA90094D7E7 /* Utils.swift */; };
		A0513C44230C11C80094D7E7 /* FiatCell.swift in Sources */ = {isa = PBXBuildFile; fileRef = A0513C43230C11C80094D7E7 /* FiatCell.swift */; };
		A055EAC722F757F4003A2F24 /* AppDelegate.swift in Sources */ = {isa = PBXBuildFile; fileRef = A055EAC622F757F4003A2F24 /* AppDelegate.swift */; };
		A055EAC922F757F4003A2F24 /* PortfolioViewController.swift in Sources */ = {isa = PBXBuildFile; fileRef = A055EAC822F757F4003A2F24 /* PortfolioViewController.swift */; };
		A055EACE22F757F6003A2F24 /* Assets.xcassets in Resources */ = {isa = PBXBuildFile; fileRef = A055EACD22F757F6003A2F24 /* Assets.xcassets */; };
		A055EADC22F757F6003A2F24 /* CryptoManagerTests.swift in Sources */ = {isa = PBXBuildFile; fileRef = A055EADB22F757F6003A2F24 /* CryptoManagerTests.swift */; };
		A055EAE722F757F6003A2F24 /* CryptoManagerUITests.swift in Sources */ = {isa = PBXBuildFile; fileRef = A055EAE622F757F6003A2F24 /* CryptoManagerUITests.swift */; };
		A055EAF522F76831003A2F24 /* MarketsViewController.swift in Sources */ = {isa = PBXBuildFile; fileRef = A055EAF422F76831003A2F24 /* MarketsViewController.swift */; };
		A055EAF722F76E3A003A2F24 /* NewsViewController.swift in Sources */ = {isa = PBXBuildFile; fileRef = A055EAF622F76E3A003A2F24 /* NewsViewController.swift */; };
		A055EAF922F76E4B003A2F24 /* SettingsViewController.swift in Sources */ = {isa = PBXBuildFile; fileRef = A055EAF822F76E4B003A2F24 /* SettingsViewController.swift */; };
		A08B8AD52302EA6B00D6615F /* Constants.swift in Sources */ = {isa = PBXBuildFile; fileRef = A08B8AD42302EA6B00D6615F /* Constants.swift */; };
		A08B8AD92302F38700D6615F /* Rates.swift in Sources */ = {isa = PBXBuildFile; fileRef = A08B8AD82302F38700D6615F /* Rates.swift */; };
		A08B8ADE230316C400D6615F /* SQLExchangeRates.swift in Sources */ = {isa = PBXBuildFile; fileRef = A08B8ADD230316C400D6615F /* SQLExchangeRates.swift */; };
		A08B8AE42304181A00D6615F /* Crypto.swift in Sources */ = {isa = PBXBuildFile; fileRef = A08B8AE32304181A00D6615F /* Crypto.swift */; };
		A08B8AEB230489B900D6615F /* Exchanges.swift in Sources */ = {isa = PBXBuildFile; fileRef = A08B8AEA230489B900D6615F /* Exchanges.swift */; };
		A0F2E3A822FD5ED600406AFC /* StatusBarCover.swift in Sources */ = {isa = PBXBuildFile; fileRef = A0F2E3A722FD5ED600406AFC /* StatusBarCover.swift */; };
		A0F2E3AF22FDE8DD00406AFC /* SplashService.swift in Sources */ = {isa = PBXBuildFile; fileRef = A0F2E3AE22FDE8DD00406AFC /* SplashService.swift */; };
		A0F2E3B122FDE93E00406AFC /* SplashViewDelegate.swift in Sources */ = {isa = PBXBuildFile; fileRef = A0F2E3B022FDE93E00406AFC /* SplashViewDelegate.swift */; };
		A0F2E3B322FDE95100406AFC /* SplashPresenter.swift in Sources */ = {isa = PBXBuildFile; fileRef = A0F2E3B222FDE95100406AFC /* SplashPresenter.swift */; };
		A0FC979A22FC2C6C00C9C399 /* Theme.swift in Sources */ = {isa = PBXBuildFile; fileRef = A0FC979922FC2C6C00C9C399 /* Theme.swift */; };
		A0FC979D22FC2CF200C9C399 /* Roboto-Regular.ttf in Resources */ = {isa = PBXBuildFile; fileRef = A0FC979C22FC2CF200C9C399 /* Roboto-Regular.ttf */; };
		A0FC979F22FC2F9D00C9C399 /* Colors.xcassets in Resources */ = {isa = PBXBuildFile; fileRef = A0FC979E22FC2F9D00C9C399 /* Colors.xcassets */; };
		A0FC97A222FC358600C9C399 /* ThemeProtocol.swift in Sources */ = {isa = PBXBuildFile; fileRef = A0FC97A122FC358600C9C399 /* ThemeProtocol.swift */; };
		A0FC97A422FC36D500C9C399 /* LightTheme.swift in Sources */ = {isa = PBXBuildFile; fileRef = A0FC97A322FC36D500C9C399 /* LightTheme.swift */; };
		A0FC97A622FC36DF00C9C399 /* DarkTheme.swift in Sources */ = {isa = PBXBuildFile; fileRef = A0FC97A522FC36DF00C9C399 /* DarkTheme.swift */; };
/* End PBXBuildFile section */

/* Begin PBXContainerItemProxy section */
		A055EAD822F757F6003A2F24 /* PBXContainerItemProxy */ = {
			isa = PBXContainerItemProxy;
			containerPortal = A055EABB22F757F4003A2F24 /* Project object */;
			proxyType = 1;
			remoteGlobalIDString = A055EAC222F757F4003A2F24;
			remoteInfo = CryptoManager;
		};
		A055EAE322F757F6003A2F24 /* PBXContainerItemProxy */ = {
			isa = PBXContainerItemProxy;
			containerPortal = A055EABB22F757F4003A2F24 /* Project object */;
			proxyType = 1;
			remoteGlobalIDString = A055EAC222F757F4003A2F24;
			remoteInfo = CryptoManager;
		};
/* End PBXContainerItemProxy section */

/* Begin PBXFileReference section */
		213DC25A89A4C3CD013D00D3 /* Pods-CryptoManager.debug.xcconfig */ = {isa = PBXFileReference; includeInIndex = 1; lastKnownFileType = text.xcconfig; name = "Pods-CryptoManager.debug.xcconfig"; path = "Target Support Files/Pods-CryptoManager/Pods-CryptoManager.debug.xcconfig"; sourceTree = "<group>"; };
		9F2F2F9945E6CAE4B530B452 /* Pods-CryptoManager.release.xcconfig */ = {isa = PBXFileReference; includeInIndex = 1; lastKnownFileType = text.xcconfig; name = "Pods-CryptoManager.release.xcconfig"; path = "Target Support Files/Pods-CryptoManager/Pods-CryptoManager.release.xcconfig"; sourceTree = "<group>"; };
		A04391F2230AB3A9009FF454 /* CurrencyAndConversions.swift */ = {isa = PBXFileReference; lastKnownFileType = sourcecode.swift; path = CurrencyAndConversions.swift; sourceTree = "<group>"; };
		A04391F4230ABC1B009FF454 /* SQLExchange.swift */ = {isa = PBXFileReference; lastKnownFileType = sourcecode.swift; path = SQLExchange.swift; sourceTree = "<group>"; };
		A04391F8230ADE5B009FF454 /* SelectFiatViewController.swift */ = {isa = PBXFileReference; lastKnownFileType = sourcecode.swift; path = SelectFiatViewController.swift; sourceTree = "<group>"; };
		A0439200230AF200009FF454 /* RootViewController.swift */ = {isa = PBXFileReference; lastKnownFileType = sourcecode.swift; path = RootViewController.swift; sourceTree = "<group>"; };
		A0439208230B17B4009FF454 /* Bar.swift */ = {isa = PBXFileReference; lastKnownFileType = sourcecode.swift; path = Bar.swift; sourceTree = "<group>"; };
		A04A7FEE22F8291C008FC4DE /* SettingsService.swift */ = {isa = PBXFileReference; lastKnownFileType = sourcecode.swift; path = SettingsService.swift; sourceTree = "<group>"; };
		A04A7FF022F82CC0008FC4DE /* SettingsViewDelegate.swift */ = {isa = PBXFileReference; lastKnownFileType = sourcecode.swift; path = SettingsViewDelegate.swift; sourceTree = "<group>"; };
		A04A7FF222F82F76008FC4DE /* SettingsPresenter.swift */ = {isa = PBXFileReference; lastKnownFileType = sourcecode.swift; path = SettingsPresenter.swift; sourceTree = "<group>"; };
		A04A7FF922F8BDA5008FC4DE /* TabBarController.swift */ = {isa = PBXFileReference; lastKnownFileType = sourcecode.swift; path = TabBarController.swift; sourceTree = "<group>"; };
		A04A7FFC22F97C51008FC4DE /* SplashViewController.swift */ = {isa = PBXFileReference; lastKnownFileType = sourcecode.swift; path = SplashViewController.swift; sourceTree = "<group>"; };
		A04A7FFE22F99586008FC4DE /* SettingsCell.swift */ = {isa = PBXFileReference; lastKnownFileType = sourcecode.swift; path = SettingsCell.swift; sourceTree = "<group>"; };
		A04A800022FAF2EF008FC4DE /* SettingsSection.swift */ = {isa = PBXFileReference; lastKnownFileType = sourcecode.swift; path = SettingsSection.swift; sourceTree = "<group>"; };
		A0513C34230C00C50094D7E7 /* SelectFiatPresenter.swift */ = {isa = PBXFileReference; lastKnownFileType = sourcecode.swift; path = SelectFiatPresenter.swift; sourceTree = "<group>"; };
		A0513C38230C02510094D7E7 /* SelectFiatService.swift */ = {isa = PBXFileReference; lastKnownFileType = sourcecode.swift; path = SelectFiatService.swift; sourceTree = "<group>"; };
		A0513C3B230C055C0094D7E7 /* Fiat.swift */ = {isa = PBXFileReference; lastKnownFileType = sourcecode.swift; path = Fiat.swift; sourceTree = "<group>"; };
		A0513C3F230C08130094D7E7 /* SelectFiatViewDelegate.swift */ = {isa = PBXFileReference; lastKnownFileType = sourcecode.swift; path = SelectFiatViewDelegate.swift; sourceTree = "<group>"; };
		A0513C41230C0FA90094D7E7 /* Utils.swift */ = {isa = PBXFileReference; lastKnownFileType = sourcecode.swift; path = Utils.swift; sourceTree = "<group>"; };
		A0513C43230C11C80094D7E7 /* FiatCell.swift */ = {isa = PBXFileReference; lastKnownFileType = sourcecode.swift; path = FiatCell.swift; sourceTree = "<group>"; };
		A055EAC322F757F4003A2F24 /* CryptoManager.app */ = {isa = PBXFileReference; explicitFileType = wrapper.application; includeInIndex = 0; path = CryptoManager.app; sourceTree = BUILT_PRODUCTS_DIR; };
		A055EAC622F757F4003A2F24 /* AppDelegate.swift */ = {isa = PBXFileReference; lastKnownFileType = sourcecode.swift; path = AppDelegate.swift; sourceTree = "<group>"; };
		A055EAC822F757F4003A2F24 /* PortfolioViewController.swift */ = {isa = PBXFileReference; lastKnownFileType = sourcecode.swift; path = PortfolioViewController.swift; sourceTree = "<group>"; };
		A055EACD22F757F6003A2F24 /* Assets.xcassets */ = {isa = PBXFileReference; lastKnownFileType = folder.assetcatalog; path = Assets.xcassets; sourceTree = "<group>"; };
		A055EAD222F757F6003A2F24 /* Info.plist */ = {isa = PBXFileReference; lastKnownFileType = text.plist.xml; path = Info.plist; sourceTree = "<group>"; };
		A055EAD722F757F6003A2F24 /* CryptoManagerTests.xctest */ = {isa = PBXFileReference; explicitFileType = wrapper.cfbundle; includeInIndex = 0; path = CryptoManagerTests.xctest; sourceTree = BUILT_PRODUCTS_DIR; };
		A055EADB22F757F6003A2F24 /* CryptoManagerTests.swift */ = {isa = PBXFileReference; lastKnownFileType = sourcecode.swift; path = CryptoManagerTests.swift; sourceTree = "<group>"; };
		A055EADD22F757F6003A2F24 /* Info.plist */ = {isa = PBXFileReference; lastKnownFileType = text.plist.xml; path = Info.plist; sourceTree = "<group>"; };
		A055EAE222F757F6003A2F24 /* CryptoManagerUITests.xctest */ = {isa = PBXFileReference; explicitFileType = wrapper.cfbundle; includeInIndex = 0; path = CryptoManagerUITests.xctest; sourceTree = BUILT_PRODUCTS_DIR; };
		A055EAE622F757F6003A2F24 /* CryptoManagerUITests.swift */ = {isa = PBXFileReference; lastKnownFileType = sourcecode.swift; path = CryptoManagerUITests.swift; sourceTree = "<group>"; };
		A055EAE822F757F6003A2F24 /* Info.plist */ = {isa = PBXFileReference; lastKnownFileType = text.plist.xml; path = Info.plist; sourceTree = "<group>"; };
		A055EAF422F76831003A2F24 /* MarketsViewController.swift */ = {isa = PBXFileReference; lastKnownFileType = sourcecode.swift; path = MarketsViewController.swift; sourceTree = "<group>"; };
		A055EAF622F76E3A003A2F24 /* NewsViewController.swift */ = {isa = PBXFileReference; lastKnownFileType = sourcecode.swift; path = NewsViewController.swift; sourceTree = "<group>"; };
		A055EAF822F76E4B003A2F24 /* SettingsViewController.swift */ = {isa = PBXFileReference; lastKnownFileType = sourcecode.swift; path = SettingsViewController.swift; sourceTree = "<group>"; };
		A08B8AD42302EA6B00D6615F /* Constants.swift */ = {isa = PBXFileReference; lastKnownFileType = sourcecode.swift; path = Constants.swift; sourceTree = "<group>"; };
		A08B8AD82302F38700D6615F /* Rates.swift */ = {isa = PBXFileReference; lastKnownFileType = sourcecode.swift; path = Rates.swift; sourceTree = "<group>"; };
		A08B8ADD230316C400D6615F /* SQLExchangeRates.swift */ = {isa = PBXFileReference; lastKnownFileType = sourcecode.swift; path = SQLExchangeRates.swift; sourceTree = "<group>"; };
		A08B8AE32304181A00D6615F /* Crypto.swift */ = {isa = PBXFileReference; lastKnownFileType = sourcecode.swift; path = Crypto.swift; sourceTree = "<group>"; };
		A08B8AEA230489B900D6615F /* Exchanges.swift */ = {isa = PBXFileReference; lastKnownFileType = sourcecode.swift; path = Exchanges.swift; sourceTree = "<group>"; };
		A0F2E3A722FD5ED600406AFC /* StatusBarCover.swift */ = {isa = PBXFileReference; lastKnownFileType = sourcecode.swift; path = StatusBarCover.swift; sourceTree = "<group>"; };
		A0F2E3AE22FDE8DD00406AFC /* SplashService.swift */ = {isa = PBXFileReference; lastKnownFileType = sourcecode.swift; path = SplashService.swift; sourceTree = "<group>"; };
		A0F2E3B022FDE93E00406AFC /* SplashViewDelegate.swift */ = {isa = PBXFileReference; lastKnownFileType = sourcecode.swift; path = SplashViewDelegate.swift; sourceTree = "<group>"; };
		A0F2E3B222FDE95100406AFC /* SplashPresenter.swift */ = {isa = PBXFileReference; lastKnownFileType = sourcecode.swift; path = SplashPresenter.swift; sourceTree = "<group>"; };
		A0FC979722FC2BC900C9C399 /* Roboto-Regular.ttf */ = {isa = PBXFileReference; lastKnownFileType = file; name = "Roboto-Regular.ttf"; path = "../../../Downloads/Roboto (3)/Roboto-Regular.ttf"; sourceTree = "<group>"; };
		A0FC979922FC2C6C00C9C399 /* Theme.swift */ = {isa = PBXFileReference; lastKnownFileType = sourcecode.swift; path = Theme.swift; sourceTree = "<group>"; };
		A0FC979C22FC2CF200C9C399 /* Roboto-Regular.ttf */ = {isa = PBXFileReference; lastKnownFileType = file; path = "Roboto-Regular.ttf"; sourceTree = "<group>"; };
		A0FC979E22FC2F9D00C9C399 /* Colors.xcassets */ = {isa = PBXFileReference; lastKnownFileType = folder.assetcatalog; path = Colors.xcassets; sourceTree = "<group>"; };
		A0FC97A122FC358600C9C399 /* ThemeProtocol.swift */ = {isa = PBXFileReference; lastKnownFileType = sourcecode.swift; path = ThemeProtocol.swift; sourceTree = "<group>"; };
		A0FC97A322FC36D500C9C399 /* LightTheme.swift */ = {isa = PBXFileReference; lastKnownFileType = sourcecode.swift; path = LightTheme.swift; sourceTree = "<group>"; };
		A0FC97A522FC36DF00C9C399 /* DarkTheme.swift */ = {isa = PBXFileReference; lastKnownFileType = sourcecode.swift; path = DarkTheme.swift; sourceTree = "<group>"; };
		B3A7D4541333211354F267D2 /* Pods_CryptoManager.framework */ = {isa = PBXFileReference; explicitFileType = wrapper.framework; includeInIndex = 0; path = Pods_CryptoManager.framework; sourceTree = BUILT_PRODUCTS_DIR; };
/* End PBXFileReference section */

/* Begin PBXFrameworksBuildPhase section */
		A055EAC022F757F4003A2F24 /* Frameworks */ = {
			isa = PBXFrameworksBuildPhase;
			buildActionMask = 2147483647;
			files = (
				06149108116CD0D9296FA104 /* Pods_CryptoManager.framework in Frameworks */,
			);
			runOnlyForDeploymentPostprocessing = 0;
		};
		A055EAD422F757F6003A2F24 /* Frameworks */ = {
			isa = PBXFrameworksBuildPhase;
			buildActionMask = 2147483647;
			files = (
			);
			runOnlyForDeploymentPostprocessing = 0;
		};
		A055EADF22F757F6003A2F24 /* Frameworks */ = {
			isa = PBXFrameworksBuildPhase;
			buildActionMask = 2147483647;
			files = (
			);
			runOnlyForDeploymentPostprocessing = 0;
		};
/* End PBXFrameworksBuildPhase section */

/* Begin PBXGroup section */
		3ED4E768D27727C8D50B3E8B /* Pods */ = {
			isa = PBXGroup;
			children = (
				213DC25A89A4C3CD013D00D3 /* Pods-CryptoManager.debug.xcconfig */,
				9F2F2F9945E6CAE4B530B452 /* Pods-CryptoManager.release.xcconfig */,
			);
			path = Pods;
			sourceTree = "<group>";
		};
		8EE37FEE9C866452FE04795F /* Frameworks */ = {
			isa = PBXGroup;
			children = (
				B3A7D4541333211354F267D2 /* Pods_CryptoManager.framework */,
			);
			name = Frameworks;
			sourceTree = "<group>";
		};
		A04391F6230ABC5C009FF454 /* ExchangeRates */ = {
			isa = PBXGroup;
			children = (
				A08B8ADD230316C400D6615F /* SQLExchangeRates.swift */,
			);
			path = ExchangeRates;
			sourceTree = "<group>";
		};
		A04391F7230ADE3C009FF454 /* SelectFiat */ = {
			isa = PBXGroup;
			children = (
				A04391FC230ADEBB009FF454 /* Model */,
				A04391FB230ADEB6009FF454 /* Presenter */,
				A04391FA230ADEB1009FF454 /* View */,
			);
			path = SelectFiat;
			sourceTree = "<group>";
		};
		A04391FA230ADEB1009FF454 /* View */ = {
			isa = PBXGroup;
			children = (
				A0513C3F230C08130094D7E7 /* SelectFiatViewDelegate.swift */,
				A04391F8230ADE5B009FF454 /* SelectFiatViewController.swift */,
				A0439208230B17B4009FF454 /* Bar.swift */,
				A0513C43230C11C80094D7E7 /* FiatCell.swift */,
			);
			path = View;
			sourceTree = "<group>";
		};
		A04391FB230ADEB6009FF454 /* Presenter */ = {
			isa = PBXGroup;
			children = (
				A0513C34230C00C50094D7E7 /* SelectFiatPresenter.swift */,
			);
			path = Presenter;
			sourceTree = "<group>";
		};
		A04391FC230ADEBB009FF454 /* Model */ = {
			isa = PBXGroup;
			children = (
				A0513C38230C02510094D7E7 /* SelectFiatService.swift */,
			);
			path = Model;
			sourceTree = "<group>";
		};
		A04391FD230AF110009FF454 /* Root */ = {
			isa = PBXGroup;
			children = (
				A0439200230AF200009FF454 /* RootViewController.swift */,
			);
			path = Root;
			sourceTree = "<group>";
		};
		A04A7FE822F8265D008FC4DE /* Portfolio */ = {
			isa = PBXGroup;
			children = (
				A055EAC822F757F4003A2F24 /* PortfolioViewController.swift */,
			);
			path = Portfolio;
			sourceTree = "<group>";
		};
		A04A7FE922F82670008FC4DE /* Markets */ = {
			isa = PBXGroup;
			children = (
				A055EAF422F76831003A2F24 /* MarketsViewController.swift */,
			);
			path = Markets;
			sourceTree = "<group>";
		};
		A04A7FEA22F82688008FC4DE /* News */ = {
			isa = PBXGroup;
			children = (
				A055EAF622F76E3A003A2F24 /* NewsViewController.swift */,
			);
			path = News;
			sourceTree = "<group>";
		};
		A04A7FEB22F82690008FC4DE /* Settings */ = {
			isa = PBXGroup;
			children = (
				A0FC979222FC1FFD00C9C399 /* Presenter */,
				A0FC979122FC1FF700C9C399 /* View */,
				A0FC979022FC1FF200C9C399 /* Model */,
			);
			path = Settings;
			sourceTree = "<group>";
		};
		A04A7FF822F8BD6C008FC4DE /* Tabs */ = {
			isa = PBXGroup;
			children = (
				A04A7FF922F8BDA5008FC4DE /* TabBarController.swift */,
			);
			path = Tabs;
			sourceTree = "<group>";
		};
		A04A7FFB22F97C2F008FC4DE /* Splash */ = {
			isa = PBXGroup;
			children = (
				A0F2E3AC22FDE89200406AFC /* View */,
				A0F2E3AB22FDE88E00406AFC /* Presenter */,
				A0F2E3AD22FDE89400406AFC /* Model */,
			);
			path = Splash;
			sourceTree = "<group>";
		};
		A0513C3A230C04F10094D7E7 /* Fiats */ = {
			isa = PBXGroup;
			children = (
				A0513C3B230C055C0094D7E7 /* Fiat.swift */,
			);
			path = Fiats;
			sourceTree = "<group>";
		};
		A055EABA22F757F4003A2F24 = {
			isa = PBXGroup;
			children = (
				A055EAC522F757F4003A2F24 /* CryptoManager */,
				A055EADA22F757F6003A2F24 /* CryptoManagerTests */,
				A055EAE522F757F6003A2F24 /* CryptoManagerUITests */,
				A055EAC422F757F4003A2F24 /* Products */,
				A0FC979722FC2BC900C9C399 /* Roboto-Regular.ttf */,
				3ED4E768D27727C8D50B3E8B /* Pods */,
				8EE37FEE9C866452FE04795F /* Frameworks */,
			);
			sourceTree = "<group>";
		};
		A055EAC422F757F4003A2F24 /* Products */ = {
			isa = PBXGroup;
			children = (
				A055EAC322F757F4003A2F24 /* CryptoManager.app */,
				A055EAD722F757F6003A2F24 /* CryptoManagerTests.xctest */,
				A055EAE222F757F6003A2F24 /* CryptoManagerUITests.xctest */,
			);
			name = Products;
			sourceTree = "<group>";
		};
		A055EAC522F757F4003A2F24 /* CryptoManager */ = {
			isa = PBXGroup;
			children = (
				A08B8ADA2302F73E00D6615F /* data */,
				A08B8ADB2302F74400D6615F /* ui */,
				A08B8ADC2302F75600D6615F /* utils */,
				A055EAC622F757F4003A2F24 /* AppDelegate.swift */,
				A055EAD222F757F6003A2F24 /* Info.plist */,
				A055EACD22F757F6003A2F24 /* Assets.xcassets */,
			);
			path = CryptoManager;
			sourceTree = "<group>";
		};
		A055EADA22F757F6003A2F24 /* CryptoManagerTests */ = {
			isa = PBXGroup;
			children = (
				A055EADB22F757F6003A2F24 /* CryptoManagerTests.swift */,
				A055EADD22F757F6003A2F24 /* Info.plist */,
			);
			path = CryptoManagerTests;
			sourceTree = "<group>";
		};
		A055EAE522F757F6003A2F24 /* CryptoManagerUITests */ = {
			isa = PBXGroup;
			children = (
				A055EAE622F757F6003A2F24 /* CryptoManagerUITests.swift */,
				A055EAE822F757F6003A2F24 /* Info.plist */,
			);
			path = CryptoManagerUITests;
			sourceTree = "<group>";
		};
		A08B8ADA2302F73E00D6615F /* data */ = {
			isa = PBXGroup;
			children = (
				A08B8ADF2303177400D6615F /* Model */,
			);
			path = data;
			sourceTree = "<group>";
		};
		A08B8ADB2302F74400D6615F /* ui */ = {
			isa = PBXGroup;
			children = (
				A04391FD230AF110009FF454 /* Root */,
				A04391F7230ADE3C009FF454 /* SelectFiat */,
				A04A7FFB22F97C2F008FC4DE /* Splash */,
				A04A7FF822F8BD6C008FC4DE /* Tabs */,
				A04A7FEB22F82690008FC4DE /* Settings */,
				A04A7FEA22F82688008FC4DE /* News */,
				A04A7FE922F82670008FC4DE /* Markets */,
				A04A7FE822F8265D008FC4DE /* Portfolio */,
			);
			path = ui;
			sourceTree = "<group>";
		};
		A08B8ADC2302F75600D6615F /* utils */ = {
			isa = PBXGroup;
			children = (
				A08B8AD42302EA6B00D6615F /* Constants.swift */,
				A0F2E3A722FD5ED600406AFC /* StatusBarCover.swift */,
				A0FC979822FC2C5900C9C399 /* Resources */,
				A0513C41230C0FA90094D7E7 /* Utils.swift */,
			);
			path = utils;
			sourceTree = "<group>";
		};
		A08B8ADF2303177400D6615F /* Model */ = {
			isa = PBXGroup;
			children = (
				A08B8AE22304180F00D6615F /* CryptoCompare */,
				A08B8AE12303179E00D6615F /* Exchange Rates */,
				A08B8AE02303178E00D6615F /* SQL */,
			);
			path = Model;
			sourceTree = "<group>";
		};
		A08B8AE02303178E00D6615F /* SQL */ = {
			isa = PBXGroup;
			children = (
				A0513C3A230C04F10094D7E7 /* Fiats */,
				A04391F6230ABC5C009FF454 /* ExchangeRates */,
				A08B8AE92304899700D6615F /* Exchanges */,
			);
			path = SQL;
			sourceTree = "<group>";
		};
		A08B8AE12303179E00D6615F /* Exchange Rates */ = {
			isa = PBXGroup;
			children = (
				A08B8AD82302F38700D6615F /* Rates.swift */,
			);
			path = "Exchange Rates";
			sourceTree = "<group>";
		};
		A08B8AE22304180F00D6615F /* CryptoCompare */ = {
			isa = PBXGroup;
			children = (
				A08B8AE623046DA700D6615F /* AllExchanges */,
				A08B8AE5230422D800D6615F /* AllCurrencies */,
			);
			path = CryptoCompare;
			sourceTree = "<group>";
		};
		A08B8AE5230422D800D6615F /* AllCurrencies */ = {
			isa = PBXGroup;
			children = (
				A08B8AE32304181A00D6615F /* Crypto.swift */,
			);
			path = AllCurrencies;
			sourceTree = "<group>";
		};
		A08B8AE623046DA700D6615F /* AllExchanges */ = {
			isa = PBXGroup;
			children = (
			);
			path = AllExchanges;
			sourceTree = "<group>";
		};
		A08B8AE92304899700D6615F /* Exchanges */ = {
			isa = PBXGroup;
			children = (
				A08B8AEA230489B900D6615F /* Exchanges.swift */,
				A04391F2230AB3A9009FF454 /* CurrencyAndConversions.swift */,
				A04391F4230ABC1B009FF454 /* SQLExchange.swift */,
			);
			path = Exchanges;
			sourceTree = "<group>";
		};
		A0F2E3AB22FDE88E00406AFC /* Presenter */ = {
			isa = PBXGroup;
			children = (
				A0F2E3B222FDE95100406AFC /* SplashPresenter.swift */,
			);
			path = Presenter;
			sourceTree = "<group>";
		};
		A0F2E3AC22FDE89200406AFC /* View */ = {
			isa = PBXGroup;
			children = (
				A0F2E3B022FDE93E00406AFC /* SplashViewDelegate.swift */,
				A04A7FFC22F97C51008FC4DE /* SplashViewController.swift */,
			);
			path = View;
			sourceTree = "<group>";
		};
		A0F2E3AD22FDE89400406AFC /* Model */ = {
			isa = PBXGroup;
			children = (
				A0F2E3AE22FDE8DD00406AFC /* SplashService.swift */,
			);
			path = Model;
			sourceTree = "<group>";
		};
		A0FC979022FC1FF200C9C399 /* Model */ = {
			isa = PBXGroup;
			children = (
				A04A800022FAF2EF008FC4DE /* SettingsSection.swift */,
				A04A7FEE22F8291C008FC4DE /* SettingsService.swift */,
			);
			path = Model;
			sourceTree = "<group>";
		};
		A0FC979122FC1FF700C9C399 /* View */ = {
			isa = PBXGroup;
			children = (
				A04A7FFE22F99586008FC4DE /* SettingsCell.swift */,
				A055EAF822F76E4B003A2F24 /* SettingsViewController.swift */,
				A04A7FF022F82CC0008FC4DE /* SettingsViewDelegate.swift */,
			);
			path = View;
			sourceTree = "<group>";
		};
		A0FC979222FC1FFD00C9C399 /* Presenter */ = {
			isa = PBXGroup;
			children = (
				A04A7FF222F82F76008FC4DE /* SettingsPresenter.swift */,
			);
			path = Presenter;
			sourceTree = "<group>";
		};
		A0FC979822FC2C5900C9C399 /* Resources */ = {
			isa = PBXGroup;
			children = (
				A0FC97A022FC357300C9C399 /* Theme */,
				A0FC979C22FC2CF200C9C399 /* Roboto-Regular.ttf */,
				A0FC979E22FC2F9D00C9C399 /* Colors.xcassets */,
			);
			path = Resources;
			sourceTree = "<group>";
		};
		A0FC97A022FC357300C9C399 /* Theme */ = {
			isa = PBXGroup;
			children = (
				A0FC979922FC2C6C00C9C399 /* Theme.swift */,
				A0FC97A122FC358600C9C399 /* ThemeProtocol.swift */,
				A0FC97A322FC36D500C9C399 /* LightTheme.swift */,
				A0FC97A522FC36DF00C9C399 /* DarkTheme.swift */,
			);
			path = Theme;
			sourceTree = "<group>";
		};
/* End PBXGroup section */

/* Begin PBXNativeTarget section */
		A055EAC222F757F4003A2F24 /* CryptoManager */ = {
			isa = PBXNativeTarget;
			buildConfigurationList = A055EAEB22F757F6003A2F24 /* Build configuration list for PBXNativeTarget "CryptoManager" */;
			buildPhases = (
				F8BE57ABC904FC29FAF39A69 /* [CP] Check Pods Manifest.lock */,
				A055EABF22F757F4003A2F24 /* Sources */,
				A055EAC022F757F4003A2F24 /* Frameworks */,
				A055EAC122F757F4003A2F24 /* Resources */,
				BD32C62BD42AD9C1CEC02575 /* [CP] Embed Pods Frameworks */,
			);
			buildRules = (
			);
			dependencies = (
			);
			name = CryptoManager;
			productName = CryptoManager;
			productReference = A055EAC322F757F4003A2F24 /* CryptoManager.app */;
			productType = "com.apple.product-type.application";
		};
		A055EAD622F757F6003A2F24 /* CryptoManagerTests */ = {
			isa = PBXNativeTarget;
			buildConfigurationList = A055EAEE22F757F6003A2F24 /* Build configuration list for PBXNativeTarget "CryptoManagerTests" */;
			buildPhases = (
				A055EAD322F757F6003A2F24 /* Sources */,
				A055EAD422F757F6003A2F24 /* Frameworks */,
				A055EAD522F757F6003A2F24 /* Resources */,
			);
			buildRules = (
			);
			dependencies = (
				A055EAD922F757F6003A2F24 /* PBXTargetDependency */,
			);
			name = CryptoManagerTests;
			productName = CryptoManagerTests;
			productReference = A055EAD722F757F6003A2F24 /* CryptoManagerTests.xctest */;
			productType = "com.apple.product-type.bundle.unit-test";
		};
		A055EAE122F757F6003A2F24 /* CryptoManagerUITests */ = {
			isa = PBXNativeTarget;
			buildConfigurationList = A055EAF122F757F6003A2F24 /* Build configuration list for PBXNativeTarget "CryptoManagerUITests" */;
			buildPhases = (
				A055EADE22F757F6003A2F24 /* Sources */,
				A055EADF22F757F6003A2F24 /* Frameworks */,
				A055EAE022F757F6003A2F24 /* Resources */,
			);
			buildRules = (
			);
			dependencies = (
				A055EAE422F757F6003A2F24 /* PBXTargetDependency */,
			);
			name = CryptoManagerUITests;
			productName = CryptoManagerUITests;
			productReference = A055EAE222F757F6003A2F24 /* CryptoManagerUITests.xctest */;
			productType = "com.apple.product-type.bundle.ui-testing";
		};
/* End PBXNativeTarget section */

/* Begin PBXProject section */
		A055EABB22F757F4003A2F24 /* Project object */ = {
			isa = PBXProject;
			attributes = {
				LastSwiftUpdateCheck = 1030;
				LastUpgradeCheck = 1030;
				ORGANIZATIONNAME = jonnycaley;
				TargetAttributes = {
					A055EAC222F757F4003A2F24 = {
						CreatedOnToolsVersion = 10.3;
					};
					A055EAD622F757F6003A2F24 = {
						CreatedOnToolsVersion = 10.3;
						TestTargetID = A055EAC222F757F4003A2F24;
					};
					A055EAE122F757F6003A2F24 = {
						CreatedOnToolsVersion = 10.3;
						TestTargetID = A055EAC222F757F4003A2F24;
					};
				};
			};
			buildConfigurationList = A055EABE22F757F4003A2F24 /* Build configuration list for PBXProject "CryptoManager" */;
			compatibilityVersion = "Xcode 9.3";
			developmentRegion = en;
			hasScannedForEncodings = 0;
			knownRegions = (
				en,
				Base,
			);
			mainGroup = A055EABA22F757F4003A2F24;
			productRefGroup = A055EAC422F757F4003A2F24 /* Products */;
			projectDirPath = "";
			projectRoot = "";
			targets = (
				A055EAC222F757F4003A2F24 /* CryptoManager */,
				A055EAD622F757F6003A2F24 /* CryptoManagerTests */,
				A055EAE122F757F6003A2F24 /* CryptoManagerUITests */,
			);
		};
/* End PBXProject section */

/* Begin PBXResourcesBuildPhase section */
		A055EAC122F757F4003A2F24 /* Resources */ = {
			isa = PBXResourcesBuildPhase;
			buildActionMask = 2147483647;
			files = (
				A0FC979D22FC2CF200C9C399 /* Roboto-Regular.ttf in Resources */,
				A0FC979F22FC2F9D00C9C399 /* Colors.xcassets in Resources */,
				A055EACE22F757F6003A2F24 /* Assets.xcassets in Resources */,
			);
			runOnlyForDeploymentPostprocessing = 0;
		};
		A055EAD522F757F6003A2F24 /* Resources */ = {
			isa = PBXResourcesBuildPhase;
			buildActionMask = 2147483647;
			files = (
			);
			runOnlyForDeploymentPostprocessing = 0;
		};
		A055EAE022F757F6003A2F24 /* Resources */ = {
			isa = PBXResourcesBuildPhase;
			buildActionMask = 2147483647;
			files = (
			);
			runOnlyForDeploymentPostprocessing = 0;
		};
/* End PBXResourcesBuildPhase section */

/* Begin PBXShellScriptBuildPhase section */
		BD32C62BD42AD9C1CEC02575 /* [CP] Embed Pods Frameworks */ = {
			isa = PBXShellScriptBuildPhase;
			buildActionMask = 2147483647;
			files = (
			);
			inputFileListPaths = (
				"${PODS_ROOT}/Target Support Files/Pods-CryptoManager/Pods-CryptoManager-frameworks-${CONFIGURATION}-input-files.xcfilelist",
			);
			name = "[CP] Embed Pods Frameworks";
			outputFileListPaths = (
				"${PODS_ROOT}/Target Support Files/Pods-CryptoManager/Pods-CryptoManager-frameworks-${CONFIGURATION}-output-files.xcfilelist",
			);
			runOnlyForDeploymentPostprocessing = 0;
			shellPath = /bin/sh;
			shellScript = "\"${PODS_ROOT}/Target Support Files/Pods-CryptoManager/Pods-CryptoManager-frameworks.sh\"\n";
			showEnvVarsInLog = 0;
		};
		F8BE57ABC904FC29FAF39A69 /* [CP] Check Pods Manifest.lock */ = {
			isa = PBXShellScriptBuildPhase;
			buildActionMask = 2147483647;
			files = (
			);
			inputFileListPaths = (
			);
			inputPaths = (
				"${PODS_PODFILE_DIR_PATH}/Podfile.lock",
				"${PODS_ROOT}/Manifest.lock",
			);
			name = "[CP] Check Pods Manifest.lock";
			outputFileListPaths = (
			);
			outputPaths = (
				"$(DERIVED_FILE_DIR)/Pods-CryptoManager-checkManifestLockResult.txt",
			);
			runOnlyForDeploymentPostprocessing = 0;
			shellPath = /bin/sh;
			shellScript = "diff \"${PODS_PODFILE_DIR_PATH}/Podfile.lock\" \"${PODS_ROOT}/Manifest.lock\" > /dev/null\nif [ $? != 0 ] ; then\n    # print error to STDERR\n    echo \"error: The sandbox is not in sync with the Podfile.lock. Run 'pod install' or update your CocoaPods installation.\" >&2\n    exit 1\nfi\n# This output is used by Xcode 'outputs' to avoid re-running this script phase.\necho \"SUCCESS\" > \"${SCRIPT_OUTPUT_FILE_0}\"\n";
			showEnvVarsInLog = 0;
		};
/* End PBXShellScriptBuildPhase section */

/* Begin PBXSourcesBuildPhase section */
		A055EABF22F757F4003A2F24 /* Sources */ = {
			isa = PBXSourcesBuildPhase;
			buildActionMask = 2147483647;
			files = (
				A08B8AE42304181A00D6615F /* Crypto.swift in Sources */,
				A0513C40230C08130094D7E7 /* SelectFiatViewDelegate.swift in Sources */,
				A0F2E3A822FD5ED600406AFC /* StatusBarCover.swift in Sources */,
				A055EAC922F757F4003A2F24 /* PortfolioViewController.swift in Sources */,
				A055EAF522F76831003A2F24 /* MarketsViewController.swift in Sources */,
				A08B8ADE230316C400D6615F /* SQLExchangeRates.swift in Sources */,
				A0439201230AF200009FF454 /* RootViewController.swift in Sources */,
				A04A7FFA22F8BDA5008FC4DE /* TabBarController.swift in Sources */,
				A0513C39230C02510094D7E7 /* SelectFiatService.swift in Sources */,
				A0FC97A222FC358600C9C399 /* ThemeProtocol.swift in Sources */,
				A0513C42230C0FA90094D7E7 /* Utils.swift in Sources */,
				A0513C35230C00C50094D7E7 /* SelectFiatPresenter.swift in Sources */,
				A0FC97A422FC36D500C9C399 /* LightTheme.swift in Sources */,
				A0513C44230C11C80094D7E7 /* FiatCell.swift in Sources */,
				A055EAC722F757F4003A2F24 /* AppDelegate.swift in Sources */,
				A0FC979A22FC2C6C00C9C399 /* Theme.swift in Sources */,
				A04A7FFD22F97C51008FC4DE /* SplashViewController.swift in Sources */,
				A08B8AD92302F38700D6615F /* Rates.swift in Sources */,
				A04A7FF122F82CC0008FC4DE /* SettingsViewDelegate.swift in Sources */,
				A04A800122FAF2EF008FC4DE /* SettingsSection.swift in Sources */,
				A08B8AD52302EA6B00D6615F /* Constants.swift in Sources */,
				A0F2E3B322FDE95100406AFC /* SplashPresenter.swift in Sources */,
				A04A7FF322F82F76008FC4DE /* SettingsPresenter.swift in Sources */,
				A055EAF922F76E4B003A2F24 /* SettingsViewController.swift in Sources */,
				A04A7FEF22F8291C008FC4DE /* SettingsService.swift in Sources */,
				A04391F5230ABC1B009FF454 /* SQLExchange.swift in Sources */,
				A055EAF722F76E3A003A2F24 /* NewsViewController.swift in Sources */,
				A04A7FFF22F99586008FC4DE /* SettingsCell.swift in Sources */,
				A0F2E3AF22FDE8DD00406AFC /* SplashService.swift in Sources */,
				A0F2E3B122FDE93E00406AFC /* SplashViewDelegate.swift in Sources */,
				A0439209230B17B4009FF454 /* Bar.swift in Sources */,
				A08B8AEB230489B900D6615F /* Exchanges.swift in Sources */,
				A0513C3C230C055C0094D7E7 /* Fiat.swift in Sources */,
				A04391F3230AB3A9009FF454 /* CurrencyAndConversions.swift in Sources */,
				A04391F9230ADE5B009FF454 /* SelectFiatViewController.swift in Sources */,
				A0FC97A622FC36DF00C9C399 /* DarkTheme.swift in Sources */,
			);
			runOnlyForDeploymentPostprocessing = 0;
		};
		A055EAD322F757F6003A2F24 /* Sources */ = {
			isa = PBXSourcesBuildPhase;
			buildActionMask = 2147483647;
			files = (
				A055EADC22F757F6003A2F24 /* CryptoManagerTests.swift in Sources */,
			);
			runOnlyForDeploymentPostprocessing = 0;
		};
		A055EADE22F757F6003A2F24 /* Sources */ = {
			isa = PBXSourcesBuildPhase;
			buildActionMask = 2147483647;
			files = (
				A055EAE722F757F6003A2F24 /* CryptoManagerUITests.swift in Sources */,
			);
			runOnlyForDeploymentPostprocessing = 0;
		};
/* End PBXSourcesBuildPhase section */

/* Begin PBXTargetDependency section */
		A055EAD922F757F6003A2F24 /* PBXTargetDependency */ = {
			isa = PBXTargetDependency;
			target = A055EAC222F757F4003A2F24 /* CryptoManager */;
			targetProxy = A055EAD822F757F6003A2F24 /* PBXContainerItemProxy */;
		};
		A055EAE422F757F6003A2F24 /* PBXTargetDependency */ = {
			isa = PBXTargetDependency;
			target = A055EAC222F757F4003A2F24 /* CryptoManager */;
			targetProxy = A055EAE322F757F6003A2F24 /* PBXContainerItemProxy */;
		};
/* End PBXTargetDependency section */

/* Begin XCBuildConfiguration section */
		A055EAE922F757F6003A2F24 /* Debug */ = {
			isa = XCBuildConfiguration;
			buildSettings = {
				ALWAYS_SEARCH_USER_PATHS = NO;
				CLANG_ANALYZER_NONNULL = YES;
				CLANG_ANALYZER_NUMBER_OBJECT_CONVERSION = YES_AGGRESSIVE;
				CLANG_CXX_LANGUAGE_STANDARD = "gnu++14";
				CLANG_CXX_LIBRARY = "libc++";
				CLANG_ENABLE_MODULES = YES;
				CLANG_ENABLE_OBJC_ARC = YES;
				CLANG_ENABLE_OBJC_WEAK = YES;
				CLANG_WARN_BLOCK_CAPTURE_AUTORELEASING = YES;
				CLANG_WARN_BOOL_CONVERSION = YES;
				CLANG_WARN_COMMA = YES;
				CLANG_WARN_CONSTANT_CONVERSION = YES;
				CLANG_WARN_DEPRECATED_OBJC_IMPLEMENTATIONS = YES;
				CLANG_WARN_DIRECT_OBJC_ISA_USAGE = YES_ERROR;
				CLANG_WARN_DOCUMENTATION_COMMENTS = YES;
				CLANG_WARN_EMPTY_BODY = YES;
				CLANG_WARN_ENUM_CONVERSION = YES;
				CLANG_WARN_INFINITE_RECURSION = YES;
				CLANG_WARN_INT_CONVERSION = YES;
				CLANG_WARN_NON_LITERAL_NULL_CONVERSION = YES;
				CLANG_WARN_OBJC_IMPLICIT_RETAIN_SELF = YES;
				CLANG_WARN_OBJC_LITERAL_CONVERSION = YES;
				CLANG_WARN_OBJC_ROOT_CLASS = YES_ERROR;
				CLANG_WARN_RANGE_LOOP_ANALYSIS = YES;
				CLANG_WARN_STRICT_PROTOTYPES = YES;
				CLANG_WARN_SUSPICIOUS_MOVE = YES;
				CLANG_WARN_UNGUARDED_AVAILABILITY = YES_AGGRESSIVE;
				CLANG_WARN_UNREACHABLE_CODE = YES;
				CLANG_WARN__DUPLICATE_METHOD_MATCH = YES;
				CODE_SIGN_IDENTITY = "iPhone Developer";
				COPY_PHASE_STRIP = NO;
				DEBUG_INFORMATION_FORMAT = dwarf;
				ENABLE_STRICT_OBJC_MSGSEND = YES;
				ENABLE_TESTABILITY = YES;
				GCC_C_LANGUAGE_STANDARD = gnu11;
				GCC_DYNAMIC_NO_PIC = NO;
				GCC_NO_COMMON_BLOCKS = YES;
				GCC_OPTIMIZATION_LEVEL = 0;
				GCC_PREPROCESSOR_DEFINITIONS = (
					"DEBUG=1",
					"$(inherited)",
				);
				GCC_WARN_64_TO_32_BIT_CONVERSION = YES;
				GCC_WARN_ABOUT_RETURN_TYPE = YES_ERROR;
				GCC_WARN_UNDECLARED_SELECTOR = YES;
				GCC_WARN_UNINITIALIZED_AUTOS = YES_AGGRESSIVE;
				GCC_WARN_UNUSED_FUNCTION = YES;
				GCC_WARN_UNUSED_VARIABLE = YES;
				IPHONEOS_DEPLOYMENT_TARGET = 12.4;
				MTL_ENABLE_DEBUG_INFO = INCLUDE_SOURCE;
				MTL_FAST_MATH = YES;
				ONLY_ACTIVE_ARCH = YES;
				SDKROOT = iphoneos;
				SWIFT_ACTIVE_COMPILATION_CONDITIONS = DEBUG;
				SWIFT_OPTIMIZATION_LEVEL = "-Onone";
			};
			name = Debug;
		};
		A055EAEA22F757F6003A2F24 /* Release */ = {
			isa = XCBuildConfiguration;
			buildSettings = {
				ALWAYS_SEARCH_USER_PATHS = NO;
				CLANG_ANALYZER_NONNULL = YES;
				CLANG_ANALYZER_NUMBER_OBJECT_CONVERSION = YES_AGGRESSIVE;
				CLANG_CXX_LANGUAGE_STANDARD = "gnu++14";
				CLANG_CXX_LIBRARY = "libc++";
				CLANG_ENABLE_MODULES = YES;
				CLANG_ENABLE_OBJC_ARC = YES;
				CLANG_ENABLE_OBJC_WEAK = YES;
				CLANG_WARN_BLOCK_CAPTURE_AUTORELEASING = YES;
				CLANG_WARN_BOOL_CONVERSION = YES;
				CLANG_WARN_COMMA = YES;
				CLANG_WARN_CONSTANT_CONVERSION = YES;
				CLANG_WARN_DEPRECATED_OBJC_IMPLEMENTATIONS = YES;
				CLANG_WARN_DIRECT_OBJC_ISA_USAGE = YES_ERROR;
				CLANG_WARN_DOCUMENTATION_COMMENTS = YES;
				CLANG_WARN_EMPTY_BODY = YES;
				CLANG_WARN_ENUM_CONVERSION = YES;
				CLANG_WARN_INFINITE_RECURSION = YES;
				CLANG_WARN_INT_CONVERSION = YES;
				CLANG_WARN_NON_LITERAL_NULL_CONVERSION = YES;
				CLANG_WARN_OBJC_IMPLICIT_RETAIN_SELF = YES;
				CLANG_WARN_OBJC_LITERAL_CONVERSION = YES;
				CLANG_WARN_OBJC_ROOT_CLASS = YES_ERROR;
				CLANG_WARN_RANGE_LOOP_ANALYSIS = YES;
				CLANG_WARN_STRICT_PROTOTYPES = YES;
				CLANG_WARN_SUSPICIOUS_MOVE = YES;
				CLANG_WARN_UNGUARDED_AVAILABILITY = YES_AGGRESSIVE;
				CLANG_WARN_UNREACHABLE_CODE = YES;
				CLANG_WARN__DUPLICATE_METHOD_MATCH = YES;
				CODE_SIGN_IDENTITY = "iPhone Developer";
				COPY_PHASE_STRIP = NO;
				DEBUG_INFORMATION_FORMAT = "dwarf-with-dsym";
				ENABLE_NS_ASSERTIONS = NO;
				ENABLE_STRICT_OBJC_MSGSEND = YES;
				GCC_C_LANGUAGE_STANDARD = gnu11;
				GCC_NO_COMMON_BLOCKS = YES;
				GCC_WARN_64_TO_32_BIT_CONVERSION = YES;
				GCC_WARN_ABOUT_RETURN_TYPE = YES_ERROR;
				GCC_WARN_UNDECLARED_SELECTOR = YES;
				GCC_WARN_UNINITIALIZED_AUTOS = YES_AGGRESSIVE;
				GCC_WARN_UNUSED_FUNCTION = YES;
				GCC_WARN_UNUSED_VARIABLE = YES;
				IPHONEOS_DEPLOYMENT_TARGET = 12.4;
				MTL_ENABLE_DEBUG_INFO = NO;
				MTL_FAST_MATH = YES;
				SDKROOT = iphoneos;
				SWIFT_COMPILATION_MODE = wholemodule;
				SWIFT_OPTIMIZATION_LEVEL = "-O";
				VALIDATE_PRODUCT = YES;
			};
			name = Release;
		};
		A055EAEC22F757F6003A2F24 /* Debug */ = {
			isa = XCBuildConfiguration;
			baseConfigurationReference = 213DC25A89A4C3CD013D00D3 /* Pods-CryptoManager.debug.xcconfig */;
			buildSettings = {
				ASSETCATALOG_COMPILER_APPICON_NAME = AppIcon;
				CODE_SIGN_STYLE = Automatic;
				DEVELOPMENT_TEAM = YU9939SJCZ;
				INFOPLIST_FILE = CryptoManager/Info.plist;
				LD_RUNPATH_SEARCH_PATHS = (
					"$(inherited)",
					"@executable_path/Frameworks",
				);
				PRODUCT_BUNDLE_IDENTIFIER = jonnycaley.CryptoManager;
				PRODUCT_NAME = "$(TARGET_NAME)";
				SWIFT_VERSION = 5.0;
				TARGETED_DEVICE_FAMILY = "1,2";
			};
			name = Debug;
		};
		A055EAED22F757F6003A2F24 /* Release */ = {
			isa = XCBuildConfiguration;
			baseConfigurationReference = 9F2F2F9945E6CAE4B530B452 /* Pods-CryptoManager.release.xcconfig */;
			buildSettings = {
				ASSETCATALOG_COMPILER_APPICON_NAME = AppIcon;
				CODE_SIGN_STYLE = Automatic;
				DEVELOPMENT_TEAM = YU9939SJCZ;
				INFOPLIST_FILE = CryptoManager/Info.plist;
				LD_RUNPATH_SEARCH_PATHS = (
					"$(inherited)",
					"@executable_path/Frameworks",
				);
				PRODUCT_BUNDLE_IDENTIFIER = jonnycaley.CryptoManager;
				PRODUCT_NAME = "$(TARGET_NAME)";
				SWIFT_VERSION = 5.0;
				TARGETED_DEVICE_FAMILY = "1,2";
			};
			name = Release;
		};
		A055EAEF22F757F6003A2F24 /* Debug */ = {
			isa = XCBuildConfiguration;
			buildSettings = {
				ALWAYS_EMBED_SWIFT_STANDARD_LIBRARIES = YES;
				BUNDLE_LOADER = "$(TEST_HOST)";
				CODE_SIGN_STYLE = Automatic;
				DEVELOPMENT_TEAM = YU9939SJCZ;
				INFOPLIST_FILE = CryptoManagerTests/Info.plist;
				LD_RUNPATH_SEARCH_PATHS = (
					"$(inherited)",
					"@executable_path/Frameworks",
					"@loader_path/Frameworks",
				);
				PRODUCT_BUNDLE_IDENTIFIER = jonnycaley.CryptoManagerTests;
				PRODUCT_NAME = "$(TARGET_NAME)";
				SWIFT_VERSION = 5.0;
				TARGETED_DEVICE_FAMILY = "1,2";
				TEST_HOST = "$(BUILT_PRODUCTS_DIR)/CryptoManager.app/CryptoManager";
			};
			name = Debug;
		};
		A055EAF022F757F6003A2F24 /* Release */ = {
			isa = XCBuildConfiguration;
			buildSettings = {
				ALWAYS_EMBED_SWIFT_STANDARD_LIBRARIES = YES;
				BUNDLE_LOADER = "$(TEST_HOST)";
				CODE_SIGN_STYLE = Automatic;
				DEVELOPMENT_TEAM = YU9939SJCZ;
				INFOPLIST_FILE = CryptoManagerTests/Info.plist;
				LD_RUNPATH_SEARCH_PATHS = (
					"$(inherited)",
					"@executable_path/Frameworks",
					"@loader_path/Frameworks",
				);
				PRODUCT_BUNDLE_IDENTIFIER = jonnycaley.CryptoManagerTests;
				PRODUCT_NAME = "$(TARGET_NAME)";
				SWIFT_VERSION = 5.0;
				TARGETED_DEVICE_FAMILY = "1,2";
				TEST_HOST = "$(BUILT_PRODUCTS_DIR)/CryptoManager.app/CryptoManager";
			};
			name = Release;
		};
		A055EAF222F757F6003A2F24 /* Debug */ = {
			isa = XCBuildConfiguration;
			buildSettings = {
				ALWAYS_EMBED_SWIFT_STANDARD_LIBRARIES = YES;
				CODE_SIGN_STYLE = Automatic;
				DEVELOPMENT_TEAM = YU9939SJCZ;
				INFOPLIST_FILE = CryptoManagerUITests/Info.plist;
				LD_RUNPATH_SEARCH_PATHS = (
					"$(inherited)",
					"@executable_path/Frameworks",
					"@loader_path/Frameworks",
				);
				PRODUCT_BUNDLE_IDENTIFIER = jonnycaley.CryptoManagerUITests;
				PRODUCT_NAME = "$(TARGET_NAME)";
				SWIFT_VERSION = 5.0;
				TARGETED_DEVICE_FAMILY = "1,2";
				TEST_TARGET_NAME = CryptoManager;
			};
			name = Debug;
		};
		A055EAF322F757F6003A2F24 /* Release */ = {
			isa = XCBuildConfiguration;
			buildSettings = {
				ALWAYS_EMBED_SWIFT_STANDARD_LIBRARIES = YES;
				CODE_SIGN_STYLE = Automatic;
				DEVELOPMENT_TEAM = YU9939SJCZ;
				INFOPLIST_FILE = CryptoManagerUITests/Info.plist;
				LD_RUNPATH_SEARCH_PATHS = (
					"$(inherited)",
					"@executable_path/Frameworks",
					"@loader_path/Frameworks",
				);
				PRODUCT_BUNDLE_IDENTIFIER = jonnycaley.CryptoManagerUITests;
				PRODUCT_NAME = "$(TARGET_NAME)";
				SWIFT_VERSION = 5.0;
				TARGETED_DEVICE_FAMILY = "1,2";
				TEST_TARGET_NAME = CryptoManager;
			};
			name = Release;
		};
/* End XCBuildConfiguration section */

/* Begin XCConfigurationList section */
		A055EABE22F757F4003A2F24 /* Build configuration list for PBXProject "CryptoManager" */ = {
			isa = XCConfigurationList;
			buildConfigurations = (
				A055EAE922F757F6003A2F24 /* Debug */,
				A055EAEA22F757F6003A2F24 /* Release */,
			);
			defaultConfigurationIsVisible = 0;
			defaultConfigurationName = Release;
		};
		A055EAEB22F757F6003A2F24 /* Build configuration list for PBXNativeTarget "CryptoManager" */ = {
			isa = XCConfigurationList;
			buildConfigurations = (
				A055EAEC22F757F6003A2F24 /* Debug */,
				A055EAED22F757F6003A2F24 /* Release */,
			);
			defaultConfigurationIsVisible = 0;
			defaultConfigurationName = Release;
		};
		A055EAEE22F757F6003A2F24 /* Build configuration list for PBXNativeTarget "CryptoManagerTests" */ = {
			isa = XCConfigurationList;
			buildConfigurations = (
				A055EAEF22F757F6003A2F24 /* Debug */,
				A055EAF022F757F6003A2F24 /* Release */,
			);
			defaultConfigurationIsVisible = 0;
			defaultConfigurationName = Release;
		};
		A055EAF122F757F6003A2F24 /* Build configuration list for PBXNativeTarget "CryptoManagerUITests" */ = {
			isa = XCConfigurationList;
			buildConfigurations = (
				A055EAF222F757F6003A2F24 /* Debug */,
				A055EAF322F757F6003A2F24 /* Release */,
			);
			defaultConfigurationIsVisible = 0;
			defaultConfigurationName = Release;
		};
/* End XCConfigurationList section */
	};
	rootObject = A055EABB22F757F4003A2F24 /* Project object */;
}
